
Microsoft Visual Studio Solution File, Format Version 12.00
# Visual Studio Version 17
VisualStudioVersion = 17.4.33213.308
MinimumVisualStudioVersion = 10.0.40219.1
Project("{FAE04EC0-301F-11D3-BF4B-00C04F79EFBC}") = "bookStoreWithCount", "bookStoreWithCount\bookStoreWithCount.csproj", "{53048D12-18F2-40AA-9453-396BA4987198}"
EndProject
Global
	GlobalSection(SolutionConfigurationPlatforms) = preSolution
		Debug|Any CPU = Debug|Any CPU
		Release|Any CPU = Release|Any CPU
	EndGlobalSection
	GlobalSection(ProjectConfigurationPlatforms) = postSolution
		{53048D12-18F2-40AA-9453-396BA4987198}.Debug|Any CPU.ActiveCfg = Debug|Any CPU
		{53048D12-18F2-40AA-9453-396BA4987198}.Debug|Any CPU.Build.0 = Debug|Any CPU
		{53048D12-18F2-40AA-9453-396BA4987198}.Release|Any CPU.ActiveCfg = Release|Any CPU
		{53048D12-18F2-40AA-9453-396BA4987198}.Release|Any CPU.Build.0 = Release|Any CPU
	EndGlobalSection
	GlobalSection(SolutionProperties) = preSolution
		HideSolutionNode = FALSE
	EndGlobalSection
	GlobalSection(ExtensibilityGlobals) = postSolution
		SolutionGuid = {78761026-B712-4F81-94FA-B73CCAD0E3C4}
	EndGlobalSection
EndGlobal
